
Microsoft Visual Studio Solution File, Format Version 12.00
# Visual Studio 15
VisualStudioVersion = 15.0.27428.1
MinimumVisualStudioVersion = 10.0.40219.1
Project("{9A19103F-16F7-4668-BE54-9A1E7A4F7556}") = "Sample", "src\Sample\Sample.csproj", "{FEE4BFB0-6960-4B13-9AF2-E3A5F6B90920}"
EndProject
Project("{9A19103F-16F7-4668-BE54-9A1E7A4F7556}") = "Sample.UnitTests", "tests\Sample.UnitTests\Sample.UnitTests.csproj", "{E7B2DD61-9046-467B-BADA-1A920B4C0DDB}"
EndProject
Global
	GlobalSection(SolutionConfigurationPlatforms) = preSolution
		Debug|Any CPU = Debug|Any CPU
		Release|Any CPU = Release|Any CPU
	EndGlobalSection
	GlobalSection(ProjectConfigurationPlatforms) = postSolution
		{FEE4BFB0-6960-4B13-9AF2-E3A5F6B90920}.Debug|Any CPU.ActiveCfg = Debug|Any CPU
		{FEE4BFB0-6960-4B13-9AF2-E3A5F6B90920}.Debug|Any CPU.Build.0 = Debug|Any CPU
		{FEE4BFB0-6960-4B13-9AF2-E3A5F6B90920}.Release|Any CPU.ActiveCfg = Release|Any CPU
		{FEE4BFB0-6960-4B13-9AF2-E3A5F6B90920}.Release|Any CPU.Build.0 = Release|Any CPU
		{E7B2DD61-9046-467B-BADA-1A920B4C0DDB}.Debug|Any CPU.ActiveCfg = Debug|Any CPU
		{E7B2DD61-9046-467B-BADA-1A920B4C0DDB}.Debug|Any CPU.Build.0 = Debug|Any CPU
		{E7B2DD61-9046-467B-BADA-1A920B4C0DDB}.Release|Any CPU.ActiveCfg = Release|Any CPU
		{E7B2DD61-9046-467B-BADA-1A920B4C0DDB}.Release|Any CPU.Build.0 = Release|Any CPU
	EndGlobalSection
	GlobalSection(SolutionProperties) = preSolution
		HideSolutionNode = FALSE
	EndGlobalSection
	GlobalSection(ExtensibilityGlobals) = postSolution
		SolutionGuid = {520D3324-EBAA-45FF-B9A6-977555C477DA}
	EndGlobalSection
EndGlobal
